
Microsoft Visual Studio Solution File, Format Version 12.00
# Visual Studio Version 16
VisualStudioVersion = 16.0.31624.102
MinimumVisualStudioVersion = 10.0.40219.1
Project("{FAE04EC0-301F-11D3-BF4B-00C04F79EFBC}") = "AutoCompleteEntry.Android", "AutoCompleteEntry.Android\AutoCompleteEntry.Android.csproj", "{0262D636-ED86-4E67-BBA6-099E92D42770}"
EndProject
Project("{FAE04EC0-301F-11D3-BF4B-00C04F79EFBC}") = "AutoCompleteEntry.iOS", "AutoCompleteEntry.iOS\AutoCompleteEntry.iOS.csproj", "{903BAF96-F924-4C52-B76C-E47874579736}"
EndProject
Project("{FAE04EC0-301F-11D3-BF4B-00C04F79EFBC}") = "AutoCompleteEntry", "AutoCompleteEntry\AutoCompleteEntry.csproj", "{90002AE5-C4B9-4613-9001-4C99AD15B3B5}"
EndProject
Global
	GlobalSection(SolutionConfigurationPlatforms) = preSolution
		Debug|Any CPU = Debug|Any CPU
		Debug|iPhone = Debug|iPhone
		Debug|iPhoneSimulator = Debug|iPhoneSimulator
		Release|Any CPU = Release|Any CPU
		Release|iPhone = Release|iPhone
		Release|iPhoneSimulator = Release|iPhoneSimulator
	EndGlobalSection
	GlobalSection(ProjectConfigurationPlatforms) = postSolution
		{0262D636-ED86-4E67-BBA6-099E92D42770}.Debug|Any CPU.ActiveCfg = Debug|Any CPU
		{0262D636-ED86-4E67-BBA6-099E92D42770}.Debug|Any CPU.Build.0 = Debug|Any CPU
		{0262D636-ED86-4E67-BBA6-099E92D42770}.Debug|Any CPU.Deploy.0 = Debug|Any CPU
		{0262D636-ED86-4E67-BBA6-099E92D42770}.Debug|iPhone.ActiveCfg = Debug|Any CPU
		{0262D636-ED86-4E67-BBA6-099E92D42770}.Debug|iPhone.Build.0 = Debug|Any CPU
		{0262D636-ED86-4E67-BBA6-099E92D42770}.Debug|iPhone.Deploy.0 = Debug|Any CPU
		{0262D636-ED86-4E67-BBA6-099E92D42770}.Debug|iPhoneSimulator.ActiveCfg = Debug|Any CPU
		{0262D636-ED86-4E67-BBA6-099E92D42770}.Debug|iPhoneSimulator.Build.0 = Debug|Any CPU
		{0262D636-ED86-4E67-BBA6-099E92D42770}.Debug|iPhoneSimulator.Deploy.0 = Debug|Any CPU
		{0262D636-ED86-4E67-BBA6-099E92D42770}.Release|Any CPU.ActiveCfg = Release|Any CPU
		{0262D636-ED86-4E67-BBA6-099E92D42770}.Release|Any CPU.Build.0 = Release|Any CPU
		{0262D636-ED86-4E67-BBA6-099E92D42770}.Release|Any CPU.Deploy.0 = Release|Any CPU
		{0262D636-ED86-4E67-BBA6-099E92D42770}.Release|iPhone.ActiveCfg = Release|Any CPU
		{0262D636-ED86-4E67-BBA6-099E92D42770}.Release|iPhone.Build.0 = Release|Any CPU
		{0262D636-ED86-4E67-BBA6-099E92D42770}.Release|iPhone.Deploy.0 = Release|Any CPU
		{0262D636-ED86-4E67-BBA6-099E92D42770}.Release|iPhoneSimulator.ActiveCfg = Release|Any CPU
		{0262D636-ED86-4E67-BBA6-099E92D42770}.Release|iPhoneSimulator.Build.0 = Release|Any CPU
		{0262D636-ED86-4E67-BBA6-099E92D42770}.Release|iPhoneSimulator.Deploy.0 = Release|Any CPU
		{903BAF96-F924-4C52-B76C-E47874579736}.Debug|Any CPU.ActiveCfg = Debug|iPhone
		{903BAF96-F924-4C52-B76C-E47874579736}.Debug|Any CPU.Build.0 = Debug|iPhone
		{903BAF96-F924-4C52-B76C-E47874579736}.Debug|Any CPU.Deploy.0 = Debug|iPhone
		{903BAF96-F924-4C52-B76C-E47874579736}.Debug|iPhone.ActiveCfg = Debug|iPhone
		{903BAF96-F924-4C52-B76C-E47874579736}.Debug|iPhone.Build.0 = Debug|iPhone
		{903BAF96-F924-4C52-B76C-E47874579736}.Debug|iPhone.Deploy.0 = Debug|iPhone
		{903BAF96-F924-4C52-B76C-E47874579736}.Debug|iPhoneSimulator.ActiveCfg = Debug|iPhoneSimulator
		{903BAF96-F924-4C52-B76C-E47874579736}.Debug|iPhoneSimulator.Build.0 = Debug|iPhoneSimulator
		{903BAF96-F924-4C52-B76C-E47874579736}.Debug|iPhoneSimulator.Deploy.0 = Debug|iPhoneSimulator
		{903BAF96-F924-4C52-B76C-E47874579736}.Release|Any CPU.ActiveCfg = Release|iPhoneSimulator
		{903BAF96-F924-4C52-B76C-E47874579736}.Release|Any CPU.Build.0 = Release|iPhoneSimulator
		{903BAF96-F924-4C52-B76C-E47874579736}.Release|Any CPU.Deploy.0 = Release|iPhoneSimulator
		{903BAF96-F924-4C52-B76C-E47874579736}.Release|iPhone.ActiveCfg = Release|iPhone
		{903BAF96-F924-4C52-B76C-E47874579736}.Release|iPhone.Build.0 = Release|iPhone
		{903BAF96-F924-4C52-B76C-E47874579736}.Release|iPhone.Deploy.0 = Release|iPhone
		{903BAF96-F924-4C52-B76C-E47874579736}.Release|iPhoneSimulator.ActiveCfg = Release|iPhoneSimulator
		{903BAF96-F924-4C52-B76C-E47874579736}.Release|iPhoneSimulator.Build.0 = Release|iPhoneSimulator
		{903BAF96-F924-4C52-B76C-E47874579736}.Release|iPhoneSimulator.Deploy.0 = Release|iPhoneSimulator
		{90002AE5-C4B9-4613-9001-4C99AD15B3B5}.Debug|Any CPU.ActiveCfg = Debug|Any CPU
		{90002AE5-C4B9-4613-9001-4C99AD15B3B5}.Debug|Any CPU.Build.0 = Debug|Any CPU
		{90002AE5-C4B9-4613-9001-4C99AD15B3B5}.Debug|Any CPU.Deploy.0 = Debug|Any CPU
		{90002AE5-C4B9-4613-9001-4C99AD15B3B5}.Debug|iPhone.ActiveCfg = Debug|Any CPU
		{90002AE5-C4B9-4613-9001-4C99AD15B3B5}.Debug|iPhone.Build.0 = Debug|Any CPU
		{90002AE5-C4B9-4613-9001-4C99AD15B3B5}.Debug|iPhone.Deploy.0 = Debug|Any CPU
		{90002AE5-C4B9-4613-9001-4C99AD15B3B5}.Debug|iPhoneSimulator.ActiveCfg = Debug|Any CPU
		{90002AE5-C4B9-4613-9001-4C99AD15B3B5}.Debug|iPhoneSimulator.Build.0 = Debug|Any CPU
		{90002AE5-C4B9-4613-9001-4C99AD15B3B5}.Debug|iPhoneSimulator.Deploy.0 = Debug|Any CPU
		{90002AE5-C4B9-4613-9001-4C99AD15B3B5}.Release|Any CPU.ActiveCfg = Release|Any CPU
		{90002AE5-C4B9-4613-9001-4C99AD15B3B5}.Release|Any CPU.Build.0 = Release|Any CPU
		{90002AE5-C4B9-4613-9001-4C99AD15B3B5}.Release|Any CPU.Deploy.0 = Release|Any CPU
		{90002AE5-C4B9-4613-9001-4C99AD15B3B5}.Release|iPhone.ActiveCfg = Release|Any CPU
		{90002AE5-C4B9-4613-9001-4C99AD15B3B5}.Release|iPhone.Build.0 = Release|Any CPU
		{90002AE5-C4B9-4613-9001-4C99AD15B3B5}.Release|iPhone.Deploy.0 = Release|Any CPU
		{90002AE5-C4B9-4613-9001-4C99AD15B3B5}.Release|iPhoneSimulator.ActiveCfg = Release|Any CPU
		{90002AE5-C4B9-4613-9001-4C99AD15B3B5}.Release|iPhoneSimulator.Build.0 = Release|Any CPU
		{90002AE5-C4B9-4613-9001-4C99AD15B3B5}.Release|iPhoneSimulator.Deploy.0 = Release|Any CPU
	EndGlobalSection
	GlobalSection(SolutionProperties) = preSolution
		HideSolutionNode = FALSE
	EndGlobalSection
	GlobalSection(ExtensibilityGlobals) = postSolution
		SolutionGuid = {6CCBBB3C-3C51-4843-92DF-5098BB0952D3}
	EndGlobalSection
EndGlobal
